<?xml version="1.0" encoding="utf-8"?>
<Project ToolsVersion="4.0" xmlns="http://schemas.microsoft.com/developer/msbuild/2003">
  <ItemGroup>
    <Filter Include="Vendor">
      <UniqueIdentifier>{51d20c87-9428-43c7-87cf-9cd07ccf4d72}</UniqueIdentifier>
    </Filter>
    <Filter Include="Vendor\imgui">
      <UniqueIdentifier>{d279dc24-53e4-4f3d-823f-8802025c7bea}</UniqueIdentifier>
    </Filter>
    <Filter Include="Graphics">
      <UniqueIdentifier>{b7dd52a2-6785-424f-9688-ccbbc4130d4c}</UniqueIdentifier>
    </Filter>
    <Filter Include="Panels">
      <UniqueIdentifier>{404aecaf-a80a-42ea-8d01-cc436dea2ba5}</UniqueIdentifier>
    </Filter>
    <Filter Include="Physics">
      <UniqueIdentifier>{58aec285-ab7c-4d14-99e5-04d20c5a7dd3}</UniqueIdentifier>
    </Filter>
    <Filter Include="ECS">
      <UniqueIdentifier>{c632f52c-c701-43b6-8beb-e7a001fd5f24}</UniqueIdentifier>
    </Filter>
    <Filter Include="Animation">
      <UniqueIdentifier>{82257d01-e102-43dd-9820-6102051bcdc6}</UniqueIdentifier>
    </Filter>
    <Filter Include="AI">
      <UniqueIdentifier>{7d14364b-5738-46be-b8d1-998129189ae2}</UniqueIdentifier>
    </Filter>
    <Filter Include="AI\Steering">
      <UniqueIdentifier>{7911f849-211c-4e9d-8cb6-627e21100e36}</UniqueIdentifier>
    </Filter>
    <Filter Include="Sound">
      <UniqueIdentifier>{80ad583f-3657-441f-a828-2b8e29ed14fc}</UniqueIdentifier>
    </Filter>
    <Filter Include="Utils">
      <UniqueIdentifier>{42b2a9cf-b644-43a2-a3f0-4f7c824a81d9}</UniqueIdentifier>
    </Filter>
    <Filter Include="Misc">
      <UniqueIdentifier>{836167a5-7249-43f0-82db-6e07a037d3c1}</UniqueIdentifier>
    </Filter>
    <Filter Include="Core">
      <UniqueIdentifier>{8925e9b5-cba6-40e1-b10b-447987a5b457}</UniqueIdentifier>
    </Filter>
    <Filter Include="Layers">
      <UniqueIdentifier>{d1407cdc-83a8-43bc-bceb-7e47fa5028c6}</UniqueIdentifier>
    </Filter>
    <Filter Include="AI\Steering\Conditions">
      <UniqueIdentifier>{5b35fb9c-b460-415e-8f92-2f0096aad4cd}</UniqueIdentifier>
    </Filter>
    <Filter Include="AI\Steering\Behaviours">
      <UniqueIdentifier>{c98ace7f-f391-4b22-9854-ce1d84e04358}</UniqueIdentifier>
    </Filter>
    <Filter Include="ECS\Components">
      <UniqueIdentifier>{c205ef22-6ba0-4c77-b747-713728797036}</UniqueIdentifier>
    </Filter>
    <Filter Include="Input">
      <UniqueIdentifier>{f6659c61-4573-4b64-97e9-a775c40d1e0e}</UniqueIdentifier>
    </Filter>
    <Filter Include="Graphics\Interfaces">
      <UniqueIdentifier>{47021e8f-8adc-4470-bb34-7d7a4971dc16}</UniqueIdentifier>
    </Filter>
    <Filter Include="Graphics\Textures">
      <UniqueIdentifier>{f9283625-aac5-4521-bc56-b852ec1932ed}</UniqueIdentifier>
    </Filter>
    <Filter Include="Graphics\RenderPasses">
      <UniqueIdentifier>{07bd463c-2aef-488c-8fbd-6aac0ae1d1b1}</UniqueIdentifier>
    </Filter>
    <Filter Include="Graphics\Shader">
      <UniqueIdentifier>{cd003429-dd94-40a2-817d-9af60e1f2230}</UniqueIdentifier>
    </Filter>
    <Filter Include="Graphics\GLWrappers">
      <UniqueIdentifier>{51361759-5f5a-413d-aa96-8d08603a39a6}</UniqueIdentifier>
    </Filter>
    <Filter Include="Graphics\Utils">
      <UniqueIdentifier>{fe5be9a9-3977-432f-9728-4afc77ca6c52}</UniqueIdentifier>
    </Filter>
    <Filter Include="Graphics\BoundingVolumes">
      <UniqueIdentifier>{413b5753-981b-4c49-81e8-719c6786bafa}</UniqueIdentifier>
    </Filter>
    <Filter Include="Graphics\Mesh">
      <UniqueIdentifier>{2f3240c4-904c-4ac3-9a06-0097ec6fa9fe}</UniqueIdentifier>
    </Filter>
    <Filter Include="Layers\SkeletalAnimation">
      <UniqueIdentifier>{cbe9e9cf-2ae7-402f-afc8-204d75246c19}</UniqueIdentifier>
    </Filter>
    <Filter Include="DungeonGenerator">
      <UniqueIdentifier>{78f767de-b01f-462b-9a14-9b0d3c971117}</UniqueIdentifier>
    </Filter>
    <Filter Include="DungeonGenerator\3D">
      <UniqueIdentifier>{25fae24b-63a7-46b6-9289-63d52ab26a74}</UniqueIdentifier>
    </Filter>
    <Filter Include="DungeonGenerator\2D">
      <UniqueIdentifier>{e8b4e8b0-fb5f-4161-857c-a95a8f706335}</UniqueIdentifier>
    </Filter>
    <Filter Include="Shaders">
      <UniqueIdentifier>{bde721f4-444e-40a6-8a17-e49f4fd87ae3}</UniqueIdentifier>
    </Filter>
  </ItemGroup>
  <ItemGroup>
    <ClCompile Include="vendor\imgui\imgui.cpp">
      <Filter>Vendor\imgui</Filter>
    </ClCompile>
    <ClCompile Include="vendor\imgui\imgui_demo.cpp">
      <Filter>Vendor\imgui</Filter>
    </ClCompile>
    <ClCompile Include="vendor\imgui\imgui_draw.cpp">
      <Filter>Vendor\imgui</Filter>
    </ClCompile>
    <ClCompile Include="vendor\imgui\imgui_tables.cpp">
      <Filter>Vendor\imgui</Filter>
    </ClCompile>
    <ClCompile Include="vendor\imgui\imgui_widgets.cpp">
      <Filter>Vendor\imgui</Filter>
    </ClCompile>
    <ClCompile Include="vendor\imgui\imgui_impl_glfw.cpp">
      <Filter>Vendor\imgui</Filter>
    </ClCompile>
    <ClCompile Include="vendor\imgui\imgui_impl_opengl3.cpp">
      <Filter>Vendor\imgui</Filter>
    </ClCompile>
    <ClCompile Include="main.cpp" />
    <ClCompile Include="stb_image.cpp">
      <Filter>Vendor</Filter>
    </ClCompile>
    <ClCompile Include="glad.c">
      <Filter>Vendor</Filter>
    </ClCompile>
    <ClCompile Include="Core\ApplicationLayerManager.cpp">
      <Filter>Core</Filter>
    </ClCompile>
    <ClCompile Include="Core\GameEngine.cpp">
      <Filter>Core</Filter>
    </ClCompile>
    <ClCompile Include="DungeonGenerator\DungeonGeneratorTypes.cpp">
      <Filter>DungeonGenerator</Filter>
    </ClCompile>
    <ClCompile Include="DungeonGenerator\DungeonGenUtils.cpp">
      <Filter>DungeonGenerator</Filter>
    </ClCompile>
    <ClCompile Include="DungeonGenerator\3D\Delaunay3D.cpp">
      <Filter>DungeonGenerator\3D</Filter>
    </ClCompile>
    <ClCompile Include="DungeonGenerator\3D\DungeonGenerator3D.cpp">
      <Filter>DungeonGenerator\3D</Filter>
    </ClCompile>
    <ClCompile Include="DungeonGenerator\3D\DungeonGeneratorPathfinder3D.cpp">
      <Filter>DungeonGenerator\3D</Filter>
    </ClCompile>
    <ClCompile Include="DungeonGenerator\2D\Delaunay2D.cpp">
      <Filter>DungeonGenerator\2D</Filter>
    </ClCompile>
    <ClCompile Include="DungeonGenerator\2D\DungeonConstructor.cpp">
      <Filter>DungeonGenerator\2D</Filter>
    </ClCompile>
    <ClCompile Include="DungeonGenerator\2D\DungeonGenerator2D.cpp">
      <Filter>DungeonGenerator\2D</Filter>
    </ClCompile>
    <ClCompile Include="DungeonGenerator\2D\DungeonGeneratorPathfinder2D.cpp">
      <Filter>DungeonGenerator\2D</Filter>
    </ClCompile>
    <ClCompile Include="ECS\Entity.cpp">
      <Filter>ECS</Filter>
    </ClCompile>
    <ClCompile Include="ECS\EntityManager.cpp">
      <Filter>ECS</Filter>
    </ClCompile>
    <ClCompile Include="AI\Steering\Coordinator.cpp">
      <Filter>AI\Steering</Filter>
    </ClCompile>
    <ClCompile Include="AI\Steering\SteeringBehaviour.cpp">
      <Filter>AI\Steering</Filter>
    </ClCompile>
    <ClCompile Include="AI\Steering\SteeringEntityRemoveListener.cpp">
      <Filter>AI\Steering</Filter>
    </ClCompile>
    <ClCompile Include="AI\Steering\Behaviours\EvadeBehaviour.cpp">
      <Filter>AI\Steering\Behaviours</Filter>
    </ClCompile>
    <ClCompile Include="AI\Steering\Behaviours\FleeBehaviour.cpp">
      <Filter>AI\Steering\Behaviours</Filter>
    </ClCompile>
    <ClCompile Include="AI\Steering\Behaviours\FlockingBehaviour.cpp">
      <Filter>AI\Steering\Behaviours</Filter>
    </ClCompile>
    <ClCompile Include="AI\Steering\Behaviours\FormationBehaviour.cpp">
      <Filter>AI\Steering\Behaviours</Filter>
    </ClCompile>
    <ClCompile Include="AI\Steering\Behaviours\IdleBehaviour.cpp">
      <Filter>AI\Steering\Behaviours</Filter>
    </ClCompile>
    <ClCompile Include="AI\Steering\Behaviours\PathFollowBehaviour.cpp">
      <Filter>AI\Steering\Behaviours</Filter>
    </ClCompile>
    <ClCompile Include="AI\Steering\Behaviours\PursueBehaviour.cpp">
      <Filter>AI\Steering\Behaviours</Filter>
    </ClCompile>
    <ClCompile Include="AI\Steering\Behaviours\SeekBehaviour.cpp">
      <Filter>AI\Steering\Behaviours</Filter>
    </ClCompile>
    <ClCompile Include="AI\Steering\Behaviours\WanderBehaviour.cpp">
      <Filter>AI\Steering\Behaviours</Filter>
    </ClCompile>
    <ClCompile Include="Animation\KeyFrameListener.cpp">
      <Filter>Animation</Filter>
    </ClCompile>
    <ClCompile Include="Graphics\Camera.cpp">
      <Filter>Graphics</Filter>
    </ClCompile>
    <ClCompile Include="Graphics\Light.cpp">
      <Filter>Graphics</Filter>
    </ClCompile>
    <ClCompile Include="Graphics\PrimitiveShape.cpp">
      <Filter>Graphics</Filter>
    </ClCompile>
    <ClCompile Include="Graphics\Renderer.cpp">
      <Filter>Graphics</Filter>
    </ClCompile>
    <ClCompile Include="Graphics\BoundingVolumes\AABB.cpp">
      <Filter>Graphics\BoundingVolumes</Filter>
    </ClCompile>
    <ClCompile Include="Graphics\GLWrappers\Framebuffer.cpp">
      <Filter>Graphics\GLWrappers</Filter>
    </ClCompile>
    <ClCompile Include="Graphics\GLWrappers\IndexBuffer.cpp">
      <Filter>Graphics\GLWrappers</Filter>
    </ClCompile>
    <ClCompile Include="Graphics\GLWrappers\RenderBuffer.cpp">
      <Filter>Graphics\GLWrappers</Filter>
    </ClCompile>
    <ClCompile Include="Graphics\GLWrappers\UniformBuffer.cpp">
      <Filter>Graphics\GLWrappers</Filter>
    </ClCompile>
    <ClCompile Include="Graphics\GLWrappers\VertexArrayObject.cpp">
      <Filter>Graphics\GLWrappers</Filter>
    </ClCompile>
    <ClCompile Include="Graphics\GLWrappers\VertexBuffer.cpp">
      <Filter>Graphics\GLWrappers</Filter>
    </ClCompile>
    <ClCompile Include="Graphics\Interfaces\IFrameBuffer.cpp">
      <Filter>Graphics\Interfaces</Filter>
    </ClCompile>
    <ClCompile Include="Graphics\Interfaces\IMesh.cpp">
      <Filter>Graphics\Interfaces</Filter>
    </ClCompile>
    <ClCompile Include="Graphics\Mesh\AnimatedMesh.cpp">
      <Filter>Graphics\Mesh</Filter>
    </ClCompile>
    <ClCompile Include="Graphics\Mesh\AnimatedVertex.cpp">
      <Filter>Graphics\Mesh</Filter>
    </ClCompile>
    <ClCompile Include="Graphics\Mesh\Animation.cpp">
      <Filter>Graphics\Mesh</Filter>
    </ClCompile>
    <ClCompile Include="Graphics\Mesh\Mesh.cpp">
      <Filter>Graphics\Mesh</Filter>
    </ClCompile>
    <ClCompile Include="Graphics\Mesh\Vertex.cpp">
      <Filter>Graphics\Mesh</Filter>
    </ClCompile>
    <ClCompile Include="Graphics\RenderPasses\CascadedShadowMapping.cpp">
      <Filter>Graphics\RenderPasses</Filter>
    </ClCompile>
    <ClCompile Include="Graphics\RenderPasses\CloudPass.cpp">
      <Filter>Graphics\RenderPasses</Filter>
    </ClCompile>
    <ClCompile Include="Graphics\RenderPasses\EnvironmentMapPass.cpp">
      <Filter>Graphics\RenderPasses</Filter>
    </ClCompile>
    <ClCompile Include="Graphics\RenderPasses\ForwardRenderPass.cpp">
      <Filter>Graphics\RenderPasses</Filter>
    </ClCompile>
    <ClCompile Include="Graphics\RenderPasses\GeometryPass.cpp">
      <Filter>Graphics\RenderPasses</Filter>
    </ClCompile>
    <ClCompile Include="Graphics\RenderPasses\LightingPass.cpp">
      <Filter>Graphics\RenderPasses</Filter>
    </ClCompile>
    <ClCompile Include="Graphics\RenderPasses\LinePass.cpp">
      <Filter>Graphics\RenderPasses</Filter>
    </ClCompile>
    <ClCompile Include="Graphics\Shader\ComputeShader.cpp">
      <Filter>Graphics\Shader</Filter>
    </ClCompile>
    <ClCompile Include="Graphics\Shader\Shader.cpp">
      <Filter>Graphics\Shader</Filter>
    </ClCompile>
    <ClCompile Include="Graphics\Shader\ShaderLibrary.cpp">
      <Filter>Graphics\Shader</Filter>
    </ClCompile>
    <ClCompile Include="Graphics\Textures\CubeMap.cpp">
      <Filter>Graphics\Textures</Filter>
    </ClCompile>
    <ClCompile Include="Graphics\Textures\Texture2D.cpp">
      <Filter>Graphics\Textures</Filter>
    </ClCompile>
    <ClCompile Include="Graphics\Textures\Texture3D.cpp">
      <Filter>Graphics\Textures</Filter>
    </ClCompile>
    <ClCompile Include="Graphics\Textures\TextureArray.cpp">
      <Filter>Graphics\Textures</Filter>
    </ClCompile>
    <ClCompile Include="Graphics\Textures\TextureManager.cpp">
      <Filter>Graphics\Textures</Filter>
    </ClCompile>
    <ClCompile Include="Graphics\Utils\DynamicCubeMapRenderer.cpp">
      <Filter>Graphics\Utils</Filter>
    </ClCompile>
    <ClCompile Include="Graphics\Utils\EquirectangularToCubeMapConverter.cpp">
      <Filter>Graphics\Utils</Filter>
    </ClCompile>
    <ClCompile Include="Graphics\Utils\Frustum.cpp">
      <Filter>Graphics\Utils</Filter>
    </ClCompile>
    <ClCompile Include="Input\InputManager.cpp">
      <Filter>Input</Filter>
    </ClCompile>
    <ClCompile Include="Input\Key.cpp">
      <Filter>Input</Filter>
    </ClCompile>
    <ClCompile Include="Layers\AILayer.cpp">
      <Filter>Layers</Filter>
    </ClCompile>
    <ClCompile Include="Layers\AnimationLayer.cpp">
      <Filter>Layers</Filter>
    </ClCompile>
    <ClCompile Include="Layers\FreeCamController.cpp">
      <Filter>Layers</Filter>
    </ClCompile>
    <ClCompile Include="Layers\SkeletalAnimation\SkeletalAnimationComponentListener.cpp">
      <Filter>Layers\SkeletalAnimation</Filter>
    </ClCompile>
    <ClCompile Include="Layers\SkeletalAnimation\SkeletalAnimationLayer.cpp">
      <Filter>Layers\SkeletalAnimation</Filter>
    </ClCompile>
    <ClCompile Include="Physics\PhysicsWorld.cpp">
      <Filter>Physics</Filter>
    </ClCompile>
    <ClCompile Include="Physics\RigidBody.cpp">
      <Filter>Physics</Filter>
    </ClCompile>
    <ClCompile Include="Sound\DSP.cpp">
      <Filter>Sound</Filter>
    </ClCompile>
    <ClCompile Include="Sound\SoundManager.cpp">
      <Filter>Sound</Filter>
    </ClCompile>
    <ClCompile Include="Utils\Utils.cpp">
      <Filter>Utils</Filter>
    </ClCompile>
    <ClCompile Include="Utils\UUID.cpp">
      <Filter>Utils</Filter>
    </ClCompile>
    <ClCompile Include="AI\Pathfinding\Graph.cpp" />
    <ClCompile Include="AI\Pathfinding\GraphSearch.cpp" />
    <ClCompile Include="Core\Profiler.cpp" />
    <ClCompile Include="Graphics\RenderPasses\WaterPass.cpp" />
    <ClCompile Include="Graphics\RenderPasses\GrassPass.cpp" />
    <ClCompile Include="Graphics\RenderPasses\TerrainPass.cpp" />
    <ClCompile Include="Graphics\RenderPasses\ProceduralGrassPass.cpp" />
    <ClCompile Include="Layers\EditorLayer.cpp" />
    <ClCompile Include="Physics\BulletUtils.cpp" />
    <ClCompile Include="Physics\PhysicsFactory.cpp" />
    <ClCompile Include="Serialization\EntitySerializer.cpp" />
    <ClCompile Include="Serialization\ISerializer.cpp" />
    <ClCompile Include="Graphics\Mesh\MeshManager.cpp" />
    <ClCompile Include="Serialization\TextureSerializer.cpp" />
    <ClCompile Include="Serialization\EntityComponentSerializer.cpp" />
  </ItemGroup>
  <ItemGroup>
    <ClInclude Include="vendor\imgui\imconfig.h">
      <Filter>Vendor\imgui</Filter>
    </ClInclude>
    <ClInclude Include="vendor\imgui\imgui.h">
      <Filter>Vendor\imgui</Filter>
    </ClInclude>
    <ClInclude Include="vendor\imgui\imgui_internal.h">
      <Filter>Vendor\imgui</Filter>
    </ClInclude>
    <ClInclude Include="vendor\imgui\imstb_rectpack.h">
      <Filter>Vendor\imgui</Filter>
    </ClInclude>
    <ClInclude Include="vendor\imgui\imstb_textedit.h">
      <Filter>Vendor\imgui</Filter>
    </ClInclude>
    <ClInclude Include="vendor\imgui\imstb_truetype.h">
      <Filter>Vendor\imgui</Filter>
    </ClInclude>
    <ClInclude Include="vendor\imgui\imgui_impl_glfw.h">
      <Filter>Vendor\imgui</Filter>
    </ClInclude>
    <ClInclude Include="vendor\imgui\imgui_impl_opengl3.h">
      <Filter>Vendor\imgui</Filter>
    </ClInclude>
    <ClInclude Include="vendor\imgui\imgui_impl_opengl3_loader.h">
      <Filter>Vendor\imgui</Filter>
    </ClInclude>
    <ClInclude Include="pch.h" />
    <ClInclude Include="Core\ApplicationLayer.h">
      <Filter>Core</Filter>
    </ClInclude>
    <ClInclude Include="Core\ApplicationLayerManager.h">
      <Filter>Core</Filter>
    </ClInclude>
    <ClInclude Include="Core\GameEngine.h">
      <Filter>Core</Filter>
    </ClInclude>
    <ClInclude Include="DungeonGenerator\DungeonGeneratorTypes.h">
      <Filter>DungeonGenerator</Filter>
    </ClInclude>
    <ClInclude Include="DungeonGenerator\DungeonGenUtils.h">
      <Filter>DungeonGenerator</Filter>
    </ClInclude>
    <ClInclude Include="DungeonGenerator\3D\Delaunay3D.h">
      <Filter>DungeonGenerator\3D</Filter>
    </ClInclude>
    <ClInclude Include="DungeonGenerator\3D\DungeonGenerator3D.h">
      <Filter>DungeonGenerator\3D</Filter>
    </ClInclude>
    <ClInclude Include="DungeonGenerator\3D\DungeonGeneratorPathfinder3D.h">
      <Filter>DungeonGenerator\3D</Filter>
    </ClInclude>
    <ClInclude Include="DungeonGenerator\2D\Delaunay2D.h">
      <Filter>DungeonGenerator\2D</Filter>
    </ClInclude>
    <ClInclude Include="DungeonGenerator\2D\DungeonConstructor.h">
      <Filter>DungeonGenerator\2D</Filter>
    </ClInclude>
    <ClInclude Include="DungeonGenerator\2D\DungeonGenerator2D.h">
      <Filter>DungeonGenerator\2D</Filter>
    </ClInclude>
    <ClInclude Include="DungeonGenerator\2D\DungeonGeneratorPathfinder2D.h">
      <Filter>DungeonGenerator\2D</Filter>
    </ClInclude>
    <ClInclude Include="ECS\Entity.h">
      <Filter>ECS</Filter>
    </ClInclude>
    <ClInclude Include="ECS\EntityManager.h">
      <Filter>ECS</Filter>
    </ClInclude>
    <ClInclude Include="ECS\IComponentListener.h">
      <Filter>ECS</Filter>
    </ClInclude>
    <ClInclude Include="ECS\IEntityRemoveListener.h">
      <Filter>ECS</Filter>
    </ClInclude>
    <ClInclude Include="ECS\Components\AnimationComponent.h">
      <Filter>ECS\Components</Filter>
    </ClInclude>
    <ClInclude Include="ECS\Components\Component.h">
      <Filter>ECS\Components</Filter>
    </ClInclude>
    <ClInclude Include="ECS\Components\LightComponent.h">
      <Filter>ECS\Components</Filter>
    </ClInclude>
    <ClInclude Include="ECS\Components\LineRenderComponent.h">
      <Filter>ECS\Components</Filter>
    </ClInclude>
    <ClInclude Include="ECS\Components\PositionComponent.h">
      <Filter>ECS\Components</Filter>
    </ClInclude>
    <ClInclude Include="ECS\Components\ReflectRefract.h">
      <Filter>ECS\Components</Filter>
    </ClInclude>
    <ClInclude Include="ECS\Components\RenderComponent.h">
      <Filter>ECS\Components</Filter>
    </ClInclude>
    <ClInclude Include="ECS\Components\RigidBodyComponent.h">
      <Filter>ECS\Components</Filter>
    </ClInclude>
    <ClInclude Include="ECS\Components\RotationComponent.h">
      <Filter>ECS\Components</Filter>
    </ClInclude>
    <ClInclude Include="ECS\Components\ScaleComponent.h">
      <Filter>ECS\Components</Filter>
    </ClInclude>
    <ClInclude Include="ECS\Components\SkeletalAnimationComponent.h">
      <Filter>ECS\Components</Filter>
    </ClInclude>
    <ClInclude Include="ECS\Components\SteeringBehaviourComponent.h">
      <Filter>ECS\Components</Filter>
    </ClInclude>
    <ClInclude Include="ECS\Components\TagComponent.h">
      <Filter>ECS\Components</Filter>
    </ClInclude>
    <ClInclude Include="ECS\Components\VelocityComponent.h">
      <Filter>ECS\Components</Filter>
    </ClInclude>
    <ClInclude Include="AI\Steering\Coordinator.h">
      <Filter>AI\Steering</Filter>
    </ClInclude>
    <ClInclude Include="AI\Steering\ISteeringBehaviour.h">
      <Filter>AI\Steering</Filter>
    </ClInclude>
    <ClInclude Include="AI\Steering\ISteeringCondition.h">
      <Filter>AI\Steering</Filter>
    </ClInclude>
    <ClInclude Include="AI\Steering\Path.h">
      <Filter>AI\Steering</Filter>
    </ClInclude>
    <ClInclude Include="AI\Steering\Steering.h">
      <Filter>AI\Steering</Filter>
    </ClInclude>
    <ClInclude Include="AI\Steering\SteeringBehaviour.h">
      <Filter>AI\Steering</Filter>
    </ClInclude>
    <ClInclude Include="AI\Steering\SteeringEntityRemoveListener.h">
      <Filter>AI\Steering</Filter>
    </ClInclude>
    <ClInclude Include="AI\Steering\Behaviours\EvadeBehaviour.h">
      <Filter>AI\Steering\Behaviours</Filter>
    </ClInclude>
    <ClInclude Include="AI\Steering\Behaviours\FleeBehaviour.h">
      <Filter>AI\Steering\Behaviours</Filter>
    </ClInclude>
    <ClInclude Include="AI\Steering\Behaviours\FlockingBehaviour.h">
      <Filter>AI\Steering\Behaviours</Filter>
    </ClInclude>
    <ClInclude Include="AI\Steering\Behaviours\FormationBehaviour.h">
      <Filter>AI\Steering\Behaviours</Filter>
    </ClInclude>
    <ClInclude Include="AI\Steering\Behaviours\IdleBehaviour.h">
      <Filter>AI\Steering\Behaviours</Filter>
    </ClInclude>
    <ClInclude Include="AI\Steering\Behaviours\PathFollowBehaviour.h">
      <Filter>AI\Steering\Behaviours</Filter>
    </ClInclude>
    <ClInclude Include="AI\Steering\Behaviours\PursueBehaviour.h">
      <Filter>AI\Steering\Behaviours</Filter>
    </ClInclude>
    <ClInclude Include="AI\Steering\Behaviours\SeekBehaviour.h">
      <Filter>AI\Steering\Behaviours</Filter>
    </ClInclude>
    <ClInclude Include="AI\Steering\Behaviours\WanderBehaviour.h">
      <Filter>AI\Steering\Behaviours</Filter>
    </ClInclude>
    <ClInclude Include="Animation\IKeyFrameListener.h">
      <Filter>Animation</Filter>
    </ClInclude>
    <ClInclude Include="Animation\KeyFrameListener.h">
      <Filter>Animation</Filter>
    </ClInclude>
    <ClInclude Include="Graphics\Camera.h">
      <Filter>Graphics</Filter>
    </ClInclude>
    <ClInclude Include="Graphics\GLCommon.h">
      <Filter>Graphics</Filter>
    </ClInclude>
    <ClInclude Include="Graphics\Light.h">
      <Filter>Graphics</Filter>
    </ClInclude>
    <ClInclude Include="Graphics\PrimitiveShape.h">
      <Filter>Graphics</Filter>
    </ClInclude>
    <ClInclude Include="Graphics\Renderer.h">
      <Filter>Graphics</Filter>
    </ClInclude>
    <ClInclude Include="Graphics\RenderSubmission.h">
      <Filter>Graphics</Filter>
    </ClInclude>
    <ClInclude Include="Graphics\VertexInformation.h">
      <Filter>Graphics</Filter>
    </ClInclude>
    <ClInclude Include="Graphics\Window.h">
      <Filter>Graphics</Filter>
    </ClInclude>
    <ClInclude Include="Graphics\BoundingVolumes\AABB.h">
      <Filter>Graphics\BoundingVolumes</Filter>
    </ClInclude>
    <ClInclude Include="Graphics\GLWrappers\Framebuffer.h">
      <Filter>Graphics\GLWrappers</Filter>
    </ClInclude>
    <ClInclude Include="Graphics\GLWrappers\IndexBuffer.h">
      <Filter>Graphics\GLWrappers</Filter>
    </ClInclude>
    <ClInclude Include="Graphics\GLWrappers\RenderBuffer.h">
      <Filter>Graphics\GLWrappers</Filter>
    </ClInclude>
    <ClInclude Include="Graphics\GLWrappers\UniformBuffer.h">
      <Filter>Graphics\GLWrappers</Filter>
    </ClInclude>
    <ClInclude Include="Graphics\GLWrappers\VertexArrayObject.h">
      <Filter>Graphics\GLWrappers</Filter>
    </ClInclude>
    <ClInclude Include="Graphics\GLWrappers\VertexBuffer.h">
      <Filter>Graphics\GLWrappers</Filter>
    </ClInclude>
    <ClInclude Include="Graphics\Interfaces\IBoundingVolume.h">
      <Filter>Graphics\Interfaces</Filter>
    </ClInclude>
    <ClInclude Include="Graphics\Interfaces\IFrameBuffer.h">
      <Filter>Graphics\Interfaces</Filter>
    </ClInclude>
    <ClInclude Include="Graphics\Interfaces\IMesh.h">
      <Filter>Graphics\Interfaces</Filter>
    </ClInclude>
    <ClInclude Include="Graphics\Interfaces\IRenderBuffer.h">
      <Filter>Graphics\Interfaces</Filter>
    </ClInclude>
    <ClInclude Include="Graphics\Interfaces\ITexture.h">
      <Filter>Graphics\Interfaces</Filter>
    </ClInclude>
    <ClInclude Include="Graphics\Interfaces\IUniformBuffer.h">
      <Filter>Graphics\Interfaces</Filter>
    </ClInclude>
    <ClInclude Include="Graphics\Interfaces\IVertex.h">
      <Filter>Graphics\Interfaces</Filter>
    </ClInclude>
    <ClInclude Include="Graphics\Mesh\AnimatedMesh.h">
      <Filter>Graphics\Mesh</Filter>
    </ClInclude>
    <ClInclude Include="Graphics\Mesh\AnimatedVertex.h">
      <Filter>Graphics\Mesh</Filter>
    </ClInclude>
    <ClInclude Include="Graphics\Mesh\Animation.h">
      <Filter>Graphics\Mesh</Filter>
    </ClInclude>
    <ClInclude Include="Graphics\Mesh\Bone.h">
      <Filter>Graphics\Mesh</Filter>
    </ClInclude>
    <ClInclude Include="Graphics\Mesh\BoneInfo.h">
      <Filter>Graphics\Mesh</Filter>
    </ClInclude>
    <ClInclude Include="Graphics\Mesh\Mesh.h">
      <Filter>Graphics\Mesh</Filter>
    </ClInclude>
    <ClInclude Include="Graphics\Mesh\Vertex.h">
      <Filter>Graphics\Mesh</Filter>
    </ClInclude>
    <ClInclude Include="Graphics\RenderPasses\CascadedShadowMapping.h">
      <Filter>Graphics\RenderPasses</Filter>
    </ClInclude>
    <ClInclude Include="Graphics\RenderPasses\CloudPass.h">
      <Filter>Graphics\RenderPasses</Filter>
    </ClInclude>
    <ClInclude Include="Graphics\RenderPasses\EnvironmentMapPass.h">
      <Filter>Graphics\RenderPasses</Filter>
    </ClInclude>
    <ClInclude Include="Graphics\RenderPasses\ForwardRenderPass.h">
      <Filter>Graphics\RenderPasses</Filter>
    </ClInclude>
    <ClInclude Include="Graphics\RenderPasses\GeometryPass.h">
      <Filter>Graphics\RenderPasses</Filter>
    </ClInclude>
    <ClInclude Include="Graphics\RenderPasses\LightingPass.h">
      <Filter>Graphics\RenderPasses</Filter>
    </ClInclude>
    <ClInclude Include="Graphics\RenderPasses\LinePass.h">
      <Filter>Graphics\RenderPasses</Filter>
    </ClInclude>
    <ClInclude Include="Graphics\Shader\ComputeShader.h">
      <Filter>Graphics\Shader</Filter>
    </ClInclude>
    <ClInclude Include="Graphics\Shader\Shader.h">
      <Filter>Graphics\Shader</Filter>
    </ClInclude>
    <ClInclude Include="Graphics\Shader\ShaderLibrary.h">
      <Filter>Graphics\Shader</Filter>
    </ClInclude>
    <ClInclude Include="Graphics\Textures\CubeMap.h">
      <Filter>Graphics\Textures</Filter>
    </ClInclude>
    <ClInclude Include="Graphics\Textures\Texture2D.h">
      <Filter>Graphics\Textures</Filter>
    </ClInclude>
    <ClInclude Include="Graphics\Textures\Texture3D.h">
      <Filter>Graphics\Textures</Filter>
    </ClInclude>
    <ClInclude Include="Graphics\Textures\TextureArray.h">
      <Filter>Graphics\Textures</Filter>
    </ClInclude>
    <ClInclude Include="Graphics\Textures\TextureManager.h">
      <Filter>Graphics\Textures</Filter>
    </ClInclude>
    <ClInclude Include="Graphics\Utils\DynamicCubeMapRenderer.h">
      <Filter>Graphics\Utils</Filter>
    </ClInclude>
    <ClInclude Include="Graphics\Utils\EquirectangularToCubeMapConverter.h">
      <Filter>Graphics\Utils</Filter>
    </ClInclude>
    <ClInclude Include="Graphics\Utils\Frustum.h">
      <Filter>Graphics\Utils</Filter>
    </ClInclude>
    <ClInclude Include="Input\InputManager.h">
      <Filter>Input</Filter>
    </ClInclude>
    <ClInclude Include="Input\Key.h">
      <Filter>Input</Filter>
    </ClInclude>
    <ClInclude Include="Layers\AILayer.h">
      <Filter>Layers</Filter>
    </ClInclude>
    <ClInclude Include="Layers\AnimationLayer.h">
      <Filter>Layers</Filter>
    </ClInclude>
    <ClInclude Include="Layers\FreeCamController.h">
      <Filter>Layers</Filter>
    </ClInclude>
    <ClInclude Include="Layers\SkeletalAnimation\SkeletalAnimationComponentListener.h">
      <Filter>Layers\SkeletalAnimation</Filter>
    </ClInclude>
    <ClInclude Include="Layers\SkeletalAnimation\SkeletalAnimationLayer.h">
      <Filter>Layers\SkeletalAnimation</Filter>
    </ClInclude>
    <ClInclude Include="Physics\PhysicsWorld.h">
      <Filter>Physics</Filter>
    </ClInclude>
    <ClInclude Include="Physics\RigidBody.h">
      <Filter>Physics</Filter>
    </ClInclude>
    <ClInclude Include="Sound\DSP.h">
      <Filter>Sound</Filter>
    </ClInclude>
    <ClInclude Include="Sound\SoundManager.h">
      <Filter>Sound</Filter>
    </ClInclude>
    <ClInclude Include="Utils\Grid2D.h">
      <Filter>Utils</Filter>
    </ClInclude>
    <ClInclude Include="Utils\Grid3D.h">
      <Filter>Utils</Filter>
    </ClInclude>
    <ClInclude Include="Utils\Utils.h">
      <Filter>Utils</Filter>
    </ClInclude>
    <ClInclude Include="Utils\UUID.h">
      <Filter>Utils</Filter>
    </ClInclude>
    <ClInclude Include="AI\Pathfinding\Graph.h" />
    <ClInclude Include="AI\Pathfinding\GraphSearch.h" />
    <ClInclude Include="Core\Profiler.h" />
    <ClInclude Include="Utils\SimpleFastVector.h" />
    <ClInclude Include="Graphics\RenderPasses\WaterPass.h" />
    <ClInclude Include="Graphics\RenderPasses\GrassPass.h" />
    <ClInclude Include="Graphics\RenderPasses\TerrainPass.h" />
    <ClInclude Include="Graphics\Utils\TerrainGenerationInfo.h" />
    <ClInclude Include="Graphics\Utils\GrassCluster.h" />
    <ClInclude Include="Graphics\RenderPasses\ProceduralGrassPass.h" />
    <ClInclude Include="Layers\EditorLayer.h" />
    <ClInclude Include="Physics\BulletUtils.h" />
    <ClInclude Include="Physics\PhysicsFactory.h" />
    <ClInclude Include="Serialization\ISerializer.h" />
    <ClInclude Include="Serialization\EntitySerializer.h" />
    <ClInclude Include="Graphics\Mesh\MeshManager.h" />
    <ClInclude Include="Serialization\TextureSerializer.h" />
    <ClInclude Include="Serialization\EntityComponentSerializer.h" />
  </ItemGroup>
  <ItemGroup>
    <None Include="assets\shaders\animatedGeometryBuffer.glsl">
      <Filter>Shaders</Filter>
    </None>
    <None Include="assets\shaders\brdfLighting.glsl">
      <Filter>Shaders</Filter>
    </None>
    <None Include="assets\shaders\convoluteEnvMap.glsl">
      <Filter>Shaders</Filter>
    </None>
    <None Include="assets\shaders\CSMDepth.glsl">
      <Filter>Shaders</Filter>
    </None>
    <None Include="assets\shaders\CSMDepthAnimated.glsl">
      <Filter>Shaders</Filter>
    </None>
    <None Include="assets\shaders\dynamicCubeMapConverter.glsl">
      <Filter>Shaders</Filter>
    </None>
    <None Include="assets\shaders\dynamicCubeMapGeometry.glsl">
      <Filter>Shaders</Filter>
    </None>
    <None Include="assets\shaders\environmentBuffer.glsl">
      <Filter>Shaders</Filter>
    </None>
    <None Include="assets\shaders\envLUT.glsl">
      <Filter>Shaders</Filter>
    </None>
    <None Include="assets\shaders\envPreFilter.glsl">
      <Filter>Shaders</Filter>
    </None>
    <None Include="assets\shaders\equirectangularToCubeMap.glsl">
      <Filter>Shaders</Filter>
    </None>
    <None Include="assets\shaders\forward.glsl">
      <Filter>Shaders</Filter>
    </None>
    <None Include="assets\shaders\geometryBuffer.glsl">
      <Filter>Shaders</Filter>
    </None>
    <None Include="assets\shaders\grass.glsl">
      <Filter>Shaders</Filter>
    </None>
    <None Include="assets\shaders\lines.glsl">
      <Filter>Shaders</Filter>
    </None>
    <None Include="assets\shaders\test.glsl">
      <Filter>Shaders</Filter>
    </None>
    <None Include="assets\shaders\volumetricClouds.glsl">
      <Filter>Shaders</Filter>
    </None>
    <None Include="assets\shaders\weatherGenerator.glsl">
      <Filter>Shaders</Filter>
    </None>
    <None Include="assets\shaders\worleyGenerator.glsl">
      <Filter>Shaders</Filter>
    </None>
    <None Include="assets\shaders\perlinWorleyGenerator.glsl">
      <Filter>Shaders</Filter>
    </None>
    <None Include="assets\shaders\cloudPost.glsl">
      <Filter>Shaders</Filter>
    </None>
  </ItemGroup>
</Project>